// !$*UTF8*$!
{
	archiveVersion = 1;
	classes = {
	};
	objectVersion = 55;
	objects = {

/* Begin PBXBuildFile section */
		65716DEF272373F1007024B7 /* AppDelegate.swift in Sources */ = {isa = PBXBuildFile; fileRef = 65716DEE272373F1007024B7 /* AppDelegate.swift */; };
		65716DF1272373F1007024B7 /* SceneDelegate.swift in Sources */ = {isa = PBXBuildFile; fileRef = 65716DF0272373F1007024B7 /* SceneDelegate.swift */; };
		65716DF3272373F1007024B7 /* ViewController.swift in Sources */ = {isa = PBXBuildFile; fileRef = 65716DF2272373F1007024B7 /* ViewController.swift */; };
		65716DF6272373F1007024B7 /* Main.storyboard in Resources */ = {isa = PBXBuildFile; fileRef = 65716DF4272373F1007024B7 /* Main.storyboard */; };
		65716DF8272373F8007024B7 /* Assets.xcassets in Resources */ = {isa = PBXBuildFile; fileRef = 65716DF7272373F8007024B7 /* Assets.xcassets */; };
		65716DFB272373F8007024B7 /* LaunchScreen.storyboard in Resources */ = {isa = PBXBuildFile; fileRef = 65716DF9272373F8007024B7 /* LaunchScreen.storyboard */; };
		65716E06272373F8007024B7 /* preworkTests.swift in Sources */ = {isa = PBXBuildFile; fileRef = 65716E05272373F8007024B7 /* preworkTests.swift */; };
		65716E10272373F8007024B7 /* preworkUITests.swift in Sources */ = {isa = PBXBuildFile; fileRef = 65716E0F272373F8007024B7 /* preworkUITests.swift */; };
		65716E12272373F9007024B7 /* preworkUITestsLaunchTests.swift in Sources */ = {isa = PBXBuildFile; fileRef = 65716E11272373F9007024B7 /* preworkUITestsLaunchTests.swift */; };
/* End PBXBuildFile section */

/* Begin PBXContainerItemProxy section */
		65716E02272373F8007024B7 /* PBXContainerItemProxy */ = {
			isa = PBXContainerItemProxy;
			containerPortal = 65716DE3272373F1007024B7 /* Project object */;
			proxyType = 1;
			remoteGlobalIDString = 65716DEA272373F1007024B7;
			remoteInfo = prework;
		};
		65716E0C272373F8007024B7 /* PBXContainerItemProxy */ = {
			isa = PBXContainerItemProxy;
			containerPortal = 65716DE3272373F1007024B7 /* Project object */;
			proxyType = 1;
			remoteGlobalIDString = 65716DEA272373F1007024B7;
			remoteInfo = prework;
		};
/* End PBXContainerItemProxy section */

/* Begin PBXFileReference section */
		65716DEB272373F1007024B7 /* prework.app */ = {isa = PBXFileReference; explicitFileType = wrapper.application; includeInIndex = 0; path = prework.app; sourceTree = BUILT_PRODUCTS_DIR; };
		65716DEE272373F1007024B7 /* AppDelegate.swift */ = {isa = PBXFileReference; lastKnownFileType = sourcecode.swift; path = AppDelegate.swift; sourceTree = "<group>"; };
		65716DF0272373F1007024B7 /* SceneDelegate.swift */ = {isa = PBXFileReference; lastKnownFileType = sourcecode.swift; path = SceneDelegate.swift; sourceTree = "<group>"; };
		65716DF2272373F1007024B7 /* ViewController.swift */ = {isa = PBXFileReference; lastKnownFileType = sourcecode.swift; path = ViewController.swift; sourceTree = "<group>"; };
		65716DF5272373F1007024B7 /* Base */ = {isa = PBXFileReference; lastKnownFileType = file.storyboard; name = Base; path = Base.lproj/Main.storyboard; sourceTree = "<group>"; };
		65716DF7272373F8007024B7 /* Assets.xcassets */ = {isa = PBXFileReference; lastKnownFileType = folder.assetcatalog; path = Assets.xcassets; sourceTree = "<group>"; };
		65716DFA272373F8007024B7 /* Base */ = {isa = PBXFileReference; lastKnownFileType = file.storyboard; name = Base; path = Base.lproj/LaunchScreen.storyboard; sourceTree = "<group>"; };
		65716DFC272373F8007024B7 /* Info.plist */ = {isa = PBXFileReference; lastKnownFileType = text.plist.xml; path = Info.plist; sourceTree = "<group>"; };
		65716E01272373F8007024B7 /* preworkTests.xctest */ = {isa = PBXFileReference; explicitFileType = wrapper.cfbundle; includeInIndex = 0; path = preworkTests.xctest; sourceTree = BUILT_PRODUCTS_DIR; };
		65716E05272373F8007024B7 /* preworkTests.swift */ = {isa = PBXFileReference; lastKnownFileType = sourcecode.swift; path = preworkTests.swift; sourceTree = "<group>"; };
		65716E0B272373F8007024B7 /* preworkUITests.xctest */ = {isa = PBXFileReference; explicitFileType = wrapper.cfbundle; includeInIndex = 0; path = preworkUITests.xctest; sourceTree = BUILT_PRODUCTS_DIR; };
		65716E0F272373F8007024B7 /* preworkUITests.swift */ = {isa = PBXFileReference; lastKnownFileType = sourcecode.swift; path = preworkUITests.swift; sourceTree = "<group>"; };
		65716E11272373F9007024B7 /* preworkUITestsLaunchTests.swift */ = {isa = PBXFileReference; lastKnownFileType = sourcecode.swift; path = preworkUITestsLaunchTests.swift; sourceTree = "<group>"; };
/* End PBXFileReference section */

/* Begin PBXFrameworksBuildPhase section */
		65716DE8272373F1007024B7 /* Frameworks */ = {
			isa = PBXFrameworksBuildPhase;
			buildActionMask = 2147483647;
			files = (
			);
			runOnlyForDeploymentPostprocessing = 0;
		};
		65716DFE272373F8007024B7 /* Frameworks */ = {
			isa = PBXFrameworksBuildPhase;
			buildActionMask = 2147483647;
			files = (
			);
			runOnlyForDeploymentPostprocessing = 0;
		};
		65716E08272373F8007024B7 /* Frameworks */ = {
			isa = PBXFrameworksBuildPhase;
			buildActionMask = 2147483647;
			files = (
			);
			runOnlyForDeploymentPostprocessing = 0;
		};
/* End PBXFrameworksBuildPhase section */

/* Begin PBXGroup section */
		65716DE2272373F1007024B7 = {
			isa = PBXGroup;
			children = (
				65716DED272373F1007024B7 /* prework */,
				65716E04272373F8007024B7 /* preworkTests */,
				65716E0E272373F8007024B7 /* preworkUITests */,
				65716DEC272373F1007024B7 /* Products */,
			);
			sourceTree = "<group>";
		};
		65716DEC272373F1007024B7 /* Products */ = {
			isa = PBXGroup;
			children = (
				65716DEB272373F1007024B7 /* prework.app */,
				65716E01272373F8007024B7 /* preworkTests.xctest */,
				65716E0B272373F8007024B7 /* preworkUITests.xctest */,
			);
			name = Products;
			sourceTree = "<group>";
		};
		65716DED272373F1007024B7 /* prework */ = {
			isa = PBXGroup;
			children = (
				65716DEE272373F1007024B7 /* AppDelegate.swift */,
				65716DF0272373F1007024B7 /* SceneDelegate.swift */,
				65716DF2272373F1007024B7 /* ViewController.swift */,
				65716DF4272373F1007024B7 /* Main.storyboard */,
				65716DF7272373F8007024B7 /* Assets.xcassets */,
				65716DF9272373F8007024B7 /* LaunchScreen.storyboard */,
				65716DFC272373F8007024B7 /* Info.plist */,
			);
			path = prework;
			sourceTree = "<group>";
		};
		65716E04272373F8007024B7 /* preworkTests */ = {
			isa = PBXGroup;
			children = (
				65716E05272373F8007024B7 /* preworkTests.swift */,
			);
			path = preworkTests;
			sourceTree = "<group>";
		};
		65716E0E272373F8007024B7 /* preworkUITests */ = {
			isa = PBXGroup;
			children = (
				65716E0F272373F8007024B7 /* preworkUITests.swift */,
				65716E11272373F9007024B7 /* preworkUITestsLaunchTests.swift */,
			);
			path = preworkUITests;
			sourceTree = "<group>";
		};
/* End PBXGroup section */

/* Begin PBXNativeTarget section */
		65716DEA272373F1007024B7 /* prework */ = {
			isa = PBXNativeTarget;
			buildConfigurationList = 65716E15272373F9007024B7 /* Build configuration list for PBXNativeTarget "prework" */;
			buildPhases = (
				65716DE7272373F1007024B7 /* Sources */,
				65716DE8272373F1007024B7 /* Frameworks */,
				65716DE9272373F1007024B7 /* Resources */,
			);
			buildRules = (
			);
			dependencies = (
			);
			name = prework;
			productName = prework;
			productReference = 65716DEB272373F1007024B7 /* prework.app */;
			productType = "com.apple.product-type.application";
		};
		65716E00272373F8007024B7 /* preworkTests */ = {
			isa = PBXNativeTarget;
			buildConfigurationList = 65716E18272373F9007024B7 /* Build configuration list for PBXNativeTarget "preworkTests" */;
			buildPhases = (
				65716DFD272373F8007024B7 /* Sources */,
				65716DFE272373F8007024B7 /* Frameworks */,
				65716DFF272373F8007024B7 /* Resources */,
			);
			buildRules = (
			);
			dependencies = (
				65716E03272373F8007024B7 /* PBXTargetDependency */,
			);
			name = preworkTests;
			productName = preworkTests;
			productReference = 65716E01272373F8007024B7 /* preworkTests.xctest */;
			productType = "com.apple.product-type.bundle.unit-test";
		};
		65716E0A272373F8007024B7 /* preworkUITests */ = {
			isa = PBXNativeTarget;
			buildConfigurationList = 65716E1B272373F9007024B7 /* Build configuration list for PBXNativeTarget "preworkUITests" */;
			buildPhases = (
				65716E07272373F8007024B7 /* Sources */,
				65716E08272373F8007024B7 /* Frameworks */,
				65716E09272373F8007024B7 /* Resources */,
			);
			buildRules = (
			);
			dependencies = (
				65716E0D272373F8007024B7 /* PBXTargetDependency */,
			);
			name = preworkUITests;
			productName = preworkUITests;
			productReference = 65716E0B272373F8007024B7 /* preworkUITests.xctest */;
			productType = "com.apple.product-type.bundle.ui-testing";
		};
/* End PBXNativeTarget section */

/* Begin PBXProject section */
		65716DE3272373F1007024B7 /* Project object */ = {
			isa = PBXProject;
			attributes = {
				BuildIndependentTargetsInParallel = 1;
				LastSwiftUpdateCheck = 1300;
				LastUpgradeCheck = 1300;
				TargetAttributes = {
					65716DEA272373F1007024B7 = {
						CreatedOnToolsVersion = 13.0;
					};
					65716E00272373F8007024B7 = {
						CreatedOnToolsVersion = 13.0;
						TestTargetID = 65716DEA272373F1007024B7;
					};
					65716E0A272373F8007024B7 = {
						CreatedOnToolsVersion = 13.0;
						TestTargetID = 65716DEA272373F1007024B7;
					};
				};
			};
			buildConfigurationList = 65716DE6272373F1007024B7 /* Build configuration list for PBXProject "prework" */;
			compatibilityVersion = "Xcode 13.0";
			developmentRegion = en;
			hasScannedForEncodings = 0;
			knownRegions = (
				en,
				Base,
			);
			mainGroup = 65716DE2272373F1007024B7;
			productRefGroup = 65716DEC272373F1007024B7 /* Products */;
			projectDirPath = "";
			projectRoot = "";
			targets = (
				65716DEA272373F1007024B7 /* prework */,
				65716E00272373F8007024B7 /* preworkTests */,
				65716E0A272373F8007024B7 /* preworkUITests */,
			);
		};
/* End PBXProject section */

/* Begin PBXResourcesBuildPhase section */
		65716DE9272373F1007024B7 /* Resources */ = {
			isa = PBXResourcesBuildPhase;
			buildActionMask = 2147483647;
			files = (
				65716DFB272373F8007024B7 /* LaunchScreen.storyboard in Resources */,
				65716DF8272373F8007024B7 /* Assets.xcassets in Resources */,
				65716DF6272373F1007024B7 /* Main.storyboard in Resources */,
			);
			runOnlyForDeploymentPostprocessing = 0;
		};
		65716DFF272373F8007024B7 /* Resources */ = {
			isa = PBXResourcesBuildPhase;
			buildActionMask = 2147483647;
			files = (
			);
			runOnlyForDeploymentPostprocessing = 0;
		};
		65716E09272373F8007024B7 /* Resources */ = {
			isa = PBXResourcesBuildPhase;
			buildActionMask = 2147483647;
			files = (
			);
			runOnlyForDeploymentPostprocessing = 0;
		};
/* End PBXResourcesBuildPhase section */

/* Begin PBXSourcesBuildPhase section */
		65716DE7272373F1007024B7 /* Sources */ = {
			isa = PBXSourcesBuildPhase;
			buildActionMask = 2147483647;
			files = (
				65716DF3272373F1007024B7 /* ViewController.swift in Sources */,
				65716DEF272373F1007024B7 /* AppDelegate.swift in Sources */,
				65716DF1272373F1007024B7 /* SceneDelegate.swift in Sources */,
			);
			runOnlyForDeploymentPostprocessing = 0;
		};
		65716DFD272373F8007024B7 /* Sources */ = {
			isa = PBXSourcesBuildPhase;
			buildActionMask = 2147483647;
			files = (
				65716E06272373F8007024B7 /* preworkTests.swift in Sources */,
			);
			runOnlyForDeploymentPostprocessing = 0;
		};
		65716E07272373F8007024B7 /* Sources */ = {
			isa = PBXSourcesBuildPhase;
			buildActionMask = 2147483647;
			files = (
				65716E10272373F8007024B7 /* preworkUITests.swift in Sources */,
				65716E12272373F9007024B7 /* preworkUITestsLaunchTests.swift in Sources */,
			);
			runOnlyForDeploymentPostprocessing = 0;
		};
/* End PBXSourcesBuildPhase section */

/* Begin PBXTargetDependency section */
		65716E03272373F8007024B7 /* PBXTargetDependency */ = {
			isa = PBXTargetDependency;
			target = 65716DEA272373F1007024B7 /* prework */;
			targetProxy = 65716E02272373F8007024B7 /* PBXContainerItemProxy */;
		};
		65716E0D272373F8007024B7 /* PBXTargetDependency */ = {
			isa = PBXTargetDependency;
			target = 65716DEA272373F1007024B7 /* prework */;
			targetProxy = 65716E0C272373F8007024B7 /* PBXContainerItemProxy */;
		};
/* End PBXTargetDependency section */

/* Begin PBXVariantGroup section */
		65716DF4272373F1007024B7 /* Main.storyboard */ = {
			isa = PBXVariantGroup;
			children = (
				65716DF5272373F1007024B7 /* Base */,
			);
			name = Main.storyboard;
			sourceTree = "<group>";
		};
		65716DF9272373F8007024B7 /* LaunchScreen.storyboard */ = {
			isa = PBXVariantGroup;
			children = (
				65716DFA272373F8007024B7 /* Base */,
			);
			name = LaunchScreen.storyboard;
			sourceTree = "<group>";
		};
/* End PBXVariantGroup section */

/* Begin XCBuildConfiguration section */
		65716E13272373F9007024B7 /* Debug */ = {
			isa = XCBuildConfiguration;
			buildSettings = {
				ALWAYS_SEARCH_USER_PATHS = NO;
				CLANG_ANALYZER_NONNULL = YES;
				CLANG_ANALYZER_NUMBER_OBJECT_CONVERSION = YES_AGGRESSIVE;
				CLANG_CXX_LANGUAGE_STANDARD = "gnu++17";
				CLANG_CXX_LIBRARY = "libc++";
				CLANG_ENABLE_MODULES = YES;
				CLANG_ENABLE_OBJC_ARC = YES;
				CLANG_ENABLE_OBJC_WEAK = YES;
				CLANG_WARN_BLOCK_CAPTURE_AUTORELEASING = YES;
				CLANG_WARN_BOOL_CONVERSION = YES;
				CLANG_WARN_COMMA = YES;
				CLANG_WARN_CONSTANT_CONVERSION = YES;
				CLANG_WARN_DEPRECATED_OBJC_IMPLEMENTATIONS = YES;
				CLANG_WARN_DIRECT_OBJC_ISA_USAGE = YES_ERROR;
				CLANG_WARN_DOCUMENTATION_COMMENTS = YES;
				CLANG_WARN_EMPTY_BODY = YES;
				CLANG_WARN_ENUM_CONVERSION = YES;
				CLANG_WARN_INFINITE_RECURSION = YES;
				CLANG_WARN_INT_CONVERSION = YES;
				CLANG_WARN_NON_LITERAL_NULL_CONVERSION = YES;
				CLANG_WARN_OBJC_IMPLICIT_RETAIN_SELF = YES;
				CLANG_WARN_OBJC_LITERAL_CONVERSION = YES;
				CLANG_WARN_OBJC_ROOT_CLASS = YES_ERROR;
				CLANG_WARN_QUOTED_INCLUDE_IN_FRAMEWORK_HEADER = YES;
				CLANG_WARN_RANGE_LOOP_ANALYSIS = YES;
				CLANG_WARN_STRICT_PROTOTYPES = YES;
				CLANG_WARN_SUSPICIOUS_MOVE = YES;
				CLANG_WARN_UNGUARDED_AVAILABILITY = YES_AGGRESSIVE;
				CLANG_WARN_UNREACHABLE_CODE = YES;
				CLANG_WARN__DUPLICATE_METHOD_MATCH = YES;
				COPY_PHASE_STRIP = NO;
				DEBUG_INFORMATION_FORMAT = dwarf;
				ENABLE_STRICT_OBJC_MSGSEND = YES;
				ENABLE_TESTABILITY = YES;
				GCC_C_LANGUAGE_STANDARD = gnu11;
				GCC_DYNAMIC_NO_PIC = NO;
				GCC_NO_COMMON_BLOCKS = YES;
				GCC_OPTIMIZATION_LEVEL = 0;
				GCC_PREPROCESSOR_DEFINITIONS = (
					"DEBUG=1",
					"$(inherited)",
				);
				GCC_WARN_64_TO_32_BIT_CONVERSION = YES;
				GCC_WARN_ABOUT_RETURN_TYPE = YES_ERROR;
				GCC_WARN_UNDECLARED_SELECTOR = YES;
				GCC_WARN_UNINITIALIZED_AUTOS = YES_AGGRESSIVE;
				GCC_WARN_UNUSED_FUNCTION = YES;
				GCC_WARN_UNUSED_VARIABLE = YES;
				IPHONEOS_DEPLOYMENT_TARGET = 15.0;
				MTL_ENABLE_DEBUG_INFO = INCLUDE_SOURCE;
				MTL_FAST_MATH = YES;
				ONLY_ACTIVE_ARCH = YES;
				SDKROOT = iphoneos;
				SWIFT_ACTIVE_COMPILATION_CONDITIONS = DEBUG;
				SWIFT_OPTIMIZATION_LEVEL = "-Onone";
			};
			name = Debug;
		};
		65716E14272373F9007024B7 /* Release */ = {
			isa = XCBuildConfiguration;
			buildSettings = {
				ALWAYS_SEARCH_USER_PATHS = NO;
				CLANG_ANALYZER_NONNULL = YES;
				CLANG_ANALYZER_NUMBER_OBJECT_CONVERSION = YES_AGGRESSIVE;
				CLANG_CXX_LANGUAGE_STANDARD = "gnu++17";
				CLANG_CXX_LIBRARY = "libc++";
				CLANG_ENABLE_MODULES = YES;
				CLANG_ENABLE_OBJC_ARC = YES;
				CLANG_ENABLE_OBJC_WEAK = YES;
				CLANG_WARN_BLOCK_CAPTURE_AUTORELEASING = YES;
				CLANG_WARN_BOOL_CONVERSION = YES;
				CLANG_WARN_COMMA = YES;
				CLANG_WARN_CONSTANT_CONVERSION = YES;
				CLANG_WARN_DEPRECATED_OBJC_IMPLEMENTATIONS = YES;
				CLANG_WARN_DIRECT_OBJC_ISA_USAGE = YES_ERROR;
				CLANG_WARN_DOCUMENTATION_COMMENTS = YES;
				CLANG_WARN_EMPTY_BODY = YES;
				CLANG_WARN_ENUM_CONVERSION = YES;
				CLANG_WARN_INFINITE_RECURSION = YES;
				CLANG_WARN_INT_CONVERSION = YES;
				CLANG_WARN_NON_LITERAL_NULL_CONVERSION = YES;
				CLANG_WARN_OBJC_IMPLICIT_RETAIN_SELF = YES;
				CLANG_WARN_OBJC_LITERAL_CONVERSION = YES;
				CLANG_WARN_OBJC_ROOT_CLASS = YES_ERROR;
				CLANG_WARN_QUOTED_INCLUDE_IN_FRAMEWORK_HEADER = YES;
				CLANG_WARN_RANGE_LOOP_ANALYSIS = YES;
				CLANG_WARN_STRICT_PROTOTYPES = YES;
				CLANG_WARN_SUSPICIOUS_MOVE = YES;
				CLANG_WARN_UNGUARDED_AVAILABILITY = YES_AGGRESSIVE;
				CLANG_WARN_UNREACHABLE_CODE = YES;
				CLANG_WARN__DUPLICATE_METHOD_MATCH = YES;
				COPY_PHASE_STRIP = NO;
				DEBUG_INFORMATION_FORMAT = "dwarf-with-dsym";
				ENABLE_NS_ASSERTIONS = NO;
				ENABLE_STRICT_OBJC_MSGSEND = YES;
				GCC_C_LANGUAGE_STANDARD = gnu11;
				GCC_NO_COMMON_BLOCKS = YES;
				GCC_WARN_64_TO_32_BIT_CONVERSION = YES;
				GCC_WARN_ABOUT_RETURN_TYPE = YES_ERROR;
				GCC_WARN_UNDECLARED_SELECTOR = YES;
				GCC_WARN_UNINITIALIZED_AUTOS = YES_AGGRESSIVE;
				GCC_WARN_UNUSED_FUNCTION = YES;
				GCC_WARN_UNUSED_VARIABLE = YES;
				IPHONEOS_DEPLOYMENT_TARGET = 15.0;
				MTL_ENABLE_DEBUG_INFO = NO;
				MTL_FAST_MATH = YES;
				SDKROOT = iphoneos;
				SWIFT_COMPILATION_MODE = wholemodule;
				SWIFT_OPTIMIZATION_LEVEL = "-O";
				VALIDATE_PRODUCT = YES;
			};
			name = Release;
		};
		65716E16272373F9007024B7 /* Debug */ = {
			isa = XCBuildConfiguration;
			buildSettings = {
				ASSETCATALOG_COMPILER_APPICON_NAME = AppIcon;
				ASSETCATALOG_COMPILER_GLOBAL_ACCENT_COLOR_NAME = AccentColor;
				CODE_SIGN_IDENTITY = "Apple Development";
				CODE_SIGN_STYLE = Automatic;
				CURRENT_PROJECT_VERSION = 1;
				DEVELOPMENT_TEAM = 9PT9Y28877;
				GENERATE_INFOPLIST_FILE = YES;
				INFOPLIST_FILE = prework/Info.plist;
				INFOPLIST_KEY_UIApplicationSupportsIndirectInputEvents = YES;
				INFOPLIST_KEY_UILaunchStoryboardName = LaunchScreen;
				INFOPLIST_KEY_UIMainStoryboardFile = Main;
				INFOPLIST_KEY_UISupportedInterfaceOrientations_iPad = "UIInterfaceOrientationPortrait UIInterfaceOrientationPortraitUpsideDown UIInterfaceOrientationLandscapeLeft UIInterfaceOrientationLandscapeRight";
				INFOPLIST_KEY_UISupportedInterfaceOrientations_iPhone = "UIInterfaceOrientationPortrait UIInterfaceOrientationLandscapeLeft UIInterfaceOrientationLandscapeRight";
				LD_RUNPATH_SEARCH_PATHS = (
					"$(inherited)",
					"@executable_path/Frameworks",
				);
				MARKETING_VERSION = 1.0;
				PRODUCT_BUNDLE_IDENTIFIER = memo.com;
				PRODUCT_NAME = "$(TARGET_NAME)";
				PROVISIONING_PROFILE_SPECIFIER = "";
				SWIFT_EMIT_LOC_STRINGS = YES;
				SWIFT_VERSION = 5.0;
				TARGETED_DEVICE_FAMILY = "1,2";
			};
			name = Debug;
		};
		65716E17272373F9007024B7 /* Release */ = {
			isa = XCBuildConfiguration;
			buildSettings = {
				ASSETCATALOG_COMPILER_APPICON_NAME = AppIcon;
				ASSETCATALOG_COMPILER_GLOBAL_ACCENT_COLOR_NAME = AccentColor;
				CODE_SIGN_IDENTITY = "Apple Development";
				CODE_SIGN_STYLE = Automatic;
				CURRENT_PROJECT_VERSION = 1;
				DEVELOPMENT_TEAM = 9PT9Y28877;
				GENERATE_INFOPLIST_FILE = YES;
				INFOPLIST_FILE = prework/Info.plist;
				INFOPLIST_KEY_UIApplicationSupportsIndirectInputEvents = YES;
				INFOPLIST_KEY_UILaunchStoryboardName = LaunchScreen;
				INFOPLIST_KEY_UIMainStoryboardFile = Main;
				INFOPLIST_KEY_UISupportedInterfaceOrientations_iPad = "UIInterfaceOrientationPortrait UIInterfaceOrientationPortraitUpsideDown UIInterfaceOrientationLandscapeLeft UIInterfaceOrientationLandscapeRight";
				INFOPLIST_KEY_UISupportedInterfaceOrientations_iPhone = "UIInterfaceOrientationPortrait UIInterfaceOrientationLandscapeLeft UIInterfaceOrientationLandscapeRight";
				LD_RUNPATH_SEARCH_PATHS = (
					"$(inherited)",
					"@executable_path/Frameworks",
				);
				MARKETING_VERSION = 1.0;
				PRODUCT_BUNDLE_IDENTIFIER = memo.com;
				PRODUCT_NAME = "$(TARGET_NAME)";
				PROVISIONING_PROFILE_SPECIFIER = "";
				SWIFT_EMIT_LOC_STRINGS = YES;
				SWIFT_VERSION = 5.0;
				TARGETED_DEVICE_FAMILY = "1,2";
			};
			name = Release;
		};
		65716E19272373F9007024B7 /* Debug */ = {
			isa = XCBuildConfiguration;
			buildSettings = {
				ALWAYS_EMBED_SWIFT_STANDARD_LIBRARIES = YES;
				BUNDLE_LOADER = "$(TEST_HOST)";
				CODE_SIGN_STYLE = Automatic;
				CURRENT_PROJECT_VERSION = 1;
				GENERATE_INFOPLIST_FILE = YES;
				IPHONEOS_DEPLOYMENT_TARGET = 15.0;
				LD_RUNPATH_SEARCH_PATHS = (
					"$(inherited)",
					"@executable_path/Frameworks",
					"@loader_path/Frameworks",
				);
				MARKETING_VERSION = 1.0;
				PRODUCT_BUNDLE_IDENTIFIER = memo.com.preworkTests;
				PRODUCT_NAME = "$(TARGET_NAME)";
				SWIFT_EMIT_LOC_STRINGS = NO;
				SWIFT_VERSION = 5.0;
				TARGETED_DEVICE_FAMILY = "1,2";
				TEST_HOST = "$(BUILT_PRODUCTS_DIR)/prework.app/prework";
			};
			name = Debug;
		};
		65716E1A272373F9007024B7 /* Release */ = {
			isa = XCBuildConfiguration;
			buildSettings = {
				ALWAYS_EMBED_SWIFT_STANDARD_LIBRARIES = YES;
				BUNDLE_LOADER = "$(TEST_HOST)";
				CODE_SIGN_STYLE = Automatic;
				CURRENT_PROJECT_VERSION = 1;
				GENERATE_INFOPLIST_FILE = YES;
				IPHONEOS_DEPLOYMENT_TARGET = 15.0;
				LD_RUNPATH_SEARCH_PATHS = (
					"$(inherited)",
					"@executable_path/Frameworks",
					"@loader_path/Frameworks",
				);
				MARKETING_VERSION = 1.0;
				PRODUCT_BUNDLE_IDENTIFIER = memo.com.preworkTests;
				PRODUCT_NAME = "$(TARGET_NAME)";
				SWIFT_EMIT_LOC_STRINGS = NO;
				SWIFT_VERSION = 5.0;
				TARGETED_DEVICE_FAMILY = "1,2";
				TEST_HOST = "$(BUILT_PRODUCTS_DIR)/prework.app/prework";
			};
			name = Release;
		};
		65716E1C272373F9007024B7 /* Debug */ = {
			isa = XCBuildConfiguration;
			buildSettings = {
				ALWAYS_EMBED_SWIFT_STANDARD_LIBRARIES = YES;
				CODE_SIGN_STYLE = Automatic;
				CURRENT_PROJECT_VERSION = 1;
				GENERATE_INFOPLIST_FILE = YES;
				LD_RUNPATH_SEARCH_PATHS = (
					"$(inherited)",
					"@executable_path/Frameworks",
					"@loader_path/Frameworks",
				);
				MARKETING_VERSION = 1.0;
				PRODUCT_BUNDLE_IDENTIFIER = memo.com.preworkUITests;
				PRODUCT_NAME = "$(TARGET_NAME)";
				SWIFT_EMIT_LOC_STRINGS = NO;
				SWIFT_VERSION = 5.0;
				TARGETED_DEVICE_FAMILY = "1,2";
				TEST_TARGET_NAME = prework;
			};
			name = Debug;
		};
		65716E1D272373F9007024B7 /* Release */ = {
			isa = XCBuildConfiguration;
			buildSettings = {
				ALWAYS_EMBED_SWIFT_STANDARD_LIBRARIES = YES;
				CODE_SIGN_STYLE = Automatic;
				CURRENT_PROJECT_VERSION = 1;
				GENERATE_INFOPLIST_FILE = YES;
				LD_RUNPATH_SEARCH_PATHS = (
					"$(inherited)",
					"@executable_path/Frameworks",
					"@loader_path/Frameworks",
				);
				MARKETING_VERSION = 1.0;
				PRODUCT_BUNDLE_IDENTIFIER = memo.com.preworkUITests;
				PRODUCT_NAME = "$(TARGET_NAME)";
				SWIFT_EMIT_LOC_STRINGS = NO;
				SWIFT_VERSION = 5.0;
				TARGETED_DEVICE_FAMILY = "1,2";
				TEST_TARGET_NAME = prework;
			};
			name = Release;
		};
/* End XCBuildConfiguration section */

/* Begin XCConfigurationList section */
		65716DE6272373F1007024B7 /* Build configuration list for PBXProject "prework" */ = {
			isa = XCConfigurationList;
			buildConfigurations = (
				65716E13272373F9007024B7 /* Debug */,
				65716E14272373F9007024B7 /* Release */,
			);
			defaultConfigurationIsVisible = 0;
			defaultConfigurationName = Release;
		};
		65716E15272373F9007024B7 /* Build configuration list for PBXNativeTarget "prework" */ = {
			isa = XCConfigurationList;
			buildConfigurations = (
				65716E16272373F9007024B7 /* Debug */,
				65716E17272373F9007024B7 /* Release */,
			);
			defaultConfigurationIsVisible = 0;
			defaultConfigurationName = Release;
		};
		65716E18272373F9007024B7 /* Build configuration list for PBXNativeTarget "preworkTests" */ = {
			isa = XCConfigurationList;
			buildConfigurations = (
				65716E19272373F9007024B7 /* Debug */,
				65716E1A272373F9007024B7 /* Release */,
			);
			defaultConfigurationIsVisible = 0;
			defaultConfigurationName = Release;
		};
		65716E1B272373F9007024B7 /* Build configuration list for PBXNativeTarget "preworkUITests" */ = {
			isa = XCConfigurationList;
			buildConfigurations = (
				65716E1C272373F9007024B7 /* Debug */,
				65716E1D272373F9007024B7 /* Release */,
			);
			defaultConfigurationIsVisible = 0;
			defaultConfigurationName = Release;
		};
/* End XCConfigurationList section */
	};
	rootObject = 65716DE3272373F1007024B7 /* Project object */;
}
